// !$*UTF8*$!
{
	archiveVersion = 1;
	classes = {
	};
	objectVersion = 46;
	objects = {

/* Begin PBXBuildFile section */
		7EDED63B1C846EFE0084F6DA /* main.m in Sources */ = {isa = PBXBuildFile; fileRef = 7EDED63A1C846EFE0084F6DA /* main.m */; };
		7EDED63E1C846EFE0084F6DA /* AppDelegate.m in Sources */ = {isa = PBXBuildFile; fileRef = 7EDED63D1C846EFE0084F6DA /* AppDelegate.m */; };
		7EDED6411C846EFE0084F6DA /* ViewController.m in Sources */ = {isa = PBXBuildFile; fileRef = 7EDED6401C846EFE0084F6DA /* ViewController.m */; };
		7EDED6441C846EFE0084F6DA /* Main.storyboard in Resources */ = {isa = PBXBuildFile; fileRef = 7EDED6421C846EFE0084F6DA /* Main.storyboard */; };
		7EDED6461C846EFE0084F6DA /* Assets.xcassets in Resources */ = {isa = PBXBuildFile; fileRef = 7EDED6451C846EFE0084F6DA /* Assets.xcassets */; };
		7EDED6491C846EFE0084F6DA /* LaunchScreen.storyboard in Resources */ = {isa = PBXBuildFile; fileRef = 7EDED6471C846EFE0084F6DA /* LaunchScreen.storyboard */; };
		7EDED6541C846EFE0084F6DA /* My_FMDBTests.m in Sources */ = {isa = PBXBuildFile; fileRef = 7EDED6531C846EFE0084F6DA /* My_FMDBTests.m */; };
		7EDED65F1C846EFE0084F6DA /* My_FMDBUITests.m in Sources */ = {isa = PBXBuildFile; fileRef = 7EDED65E1C846EFE0084F6DA /* My_FMDBUITests.m */; };
		7EDED6901C846F110084F6DA /* AFHTTPSessionManager.m in Sources */ = {isa = PBXBuildFile; fileRef = 7EDED66F1C846F110084F6DA /* AFHTTPSessionManager.m */; };
		7EDED6911C846F110084F6DA /* AFNetworkReachabilityManager.m in Sources */ = {isa = PBXBuildFile; fileRef = 7EDED6721C846F110084F6DA /* AFNetworkReachabilityManager.m */; };
		7EDED6921C846F110084F6DA /* AFSecurityPolicy.m in Sources */ = {isa = PBXBuildFile; fileRef = 7EDED6741C846F110084F6DA /* AFSecurityPolicy.m */; };
		7EDED6931C846F110084F6DA /* AFURLRequestSerialization.m in Sources */ = {isa = PBXBuildFile; fileRef = 7EDED6761C846F110084F6DA /* AFURLRequestSerialization.m */; };
		7EDED6941C846F110084F6DA /* AFURLResponseSerialization.m in Sources */ = {isa = PBXBuildFile; fileRef = 7EDED6781C846F110084F6DA /* AFURLResponseSerialization.m */; };
		7EDED6951C846F110084F6DA /* AFURLSessionManager.m in Sources */ = {isa = PBXBuildFile; fileRef = 7EDED67A1C846F110084F6DA /* AFURLSessionManager.m */; };
		7EDED6961C846F110084F6DA /* AFAutoPurgingImageCache.m in Sources */ = {isa = PBXBuildFile; fileRef = 7EDED67D1C846F110084F6DA /* AFAutoPurgingImageCache.m */; };
		7EDED6971C846F110084F6DA /* AFImageDownloader.m in Sources */ = {isa = PBXBuildFile; fileRef = 7EDED67F1C846F110084F6DA /* AFImageDownloader.m */; };
		7EDED6981C846F110084F6DA /* AFNetworkActivityIndicatorManager.m in Sources */ = {isa = PBXBuildFile; fileRef = 7EDED6811C846F110084F6DA /* AFNetworkActivityIndicatorManager.m */; };
		7EDED6991C846F110084F6DA /* UIActivityIndicatorView+AFNetworking.m in Sources */ = {isa = PBXBuildFile; fileRef = 7EDED6831C846F110084F6DA /* UIActivityIndicatorView+AFNetworking.m */; };
		7EDED69A1C846F110084F6DA /* UIButton+AFNetworking.m in Sources */ = {isa = PBXBuildFile; fileRef = 7EDED6851C846F110084F6DA /* UIButton+AFNetworking.m */; };
		7EDED69B1C846F110084F6DA /* UIImageView+AFNetworking.m in Sources */ = {isa = PBXBuildFile; fileRef = 7EDED6881C846F110084F6DA /* UIImageView+AFNetworking.m */; };
		7EDED69C1C846F110084F6DA /* UIProgressView+AFNetworking.m in Sources */ = {isa = PBXBuildFile; fileRef = 7EDED68B1C846F110084F6DA /* UIProgressView+AFNetworking.m */; };
		7EDED69D1C846F110084F6DA /* UIRefreshControl+AFNetworking.m in Sources */ = {isa = PBXBuildFile; fileRef = 7EDED68D1C846F110084F6DA /* UIRefreshControl+AFNetworking.m */; };
		7EDED69E1C846F110084F6DA /* UIWebView+AFNetworking.m in Sources */ = {isa = PBXBuildFile; fileRef = 7EDED68F1C846F110084F6DA /* UIWebView+AFNetworking.m */; };
		7EDED6AB1C846F1C0084F6DA /* FMDatabase.m in Sources */ = {isa = PBXBuildFile; fileRef = 7EDED6A11C846F1C0084F6DA /* FMDatabase.m */; };
		7EDED6AC1C846F1C0084F6DA /* FMDatabaseAdditions.m in Sources */ = {isa = PBXBuildFile; fileRef = 7EDED6A31C846F1C0084F6DA /* FMDatabaseAdditions.m */; };
		7EDED6AD1C846F1C0084F6DA /* FMDatabasePool.m in Sources */ = {isa = PBXBuildFile; fileRef = 7EDED6A51C846F1C0084F6DA /* FMDatabasePool.m */; };
		7EDED6AE1C846F1C0084F6DA /* FMDatabaseQueue.m in Sources */ = {isa = PBXBuildFile; fileRef = 7EDED6A71C846F1C0084F6DA /* FMDatabaseQueue.m */; };
		7EDED6AF1C846F1C0084F6DA /* FMResultSet.m in Sources */ = {isa = PBXBuildFile; fileRef = 7EDED6AA1C846F1C0084F6DA /* FMResultSet.m */; };
		7EDED6D21C846F340084F6DA /* MKAnnotationView+WebCache.m in Sources */ = {isa = PBXBuildFile; fileRef = 7EDED6B21C846F340084F6DA /* MKAnnotationView+WebCache.m */; };
		7EDED6D31C846F340084F6DA /* NSData+ImageContentType.m in Sources */ = {isa = PBXBuildFile; fileRef = 7EDED6B41C846F340084F6DA /* NSData+ImageContentType.m */; };
		7EDED6D41C846F340084F6DA /* SDImageCache.m in Sources */ = {isa = PBXBuildFile; fileRef = 7EDED6B61C846F340084F6DA /* SDImageCache.m */; };
		7EDED6D51C846F340084F6DA /* SDWebImageCompat.m in Sources */ = {isa = PBXBuildFile; fileRef = 7EDED6B81C846F340084F6DA /* SDWebImageCompat.m */; };
		7EDED6D61C846F340084F6DA /* SDWebImageDecoder.m in Sources */ = {isa = PBXBuildFile; fileRef = 7EDED6BA1C846F340084F6DA /* SDWebImageDecoder.m */; };
		7EDED6D71C846F340084F6DA /* SDWebImageDownloader.m in Sources */ = {isa = PBXBuildFile; fileRef = 7EDED6BC1C846F340084F6DA /* SDWebImageDownloader.m */; };
		7EDED6D81C846F340084F6DA /* SDWebImageDownloaderOperation.m in Sources */ = {isa = PBXBuildFile; fileRef = 7EDED6BE1C846F340084F6DA /* SDWebImageDownloaderOperation.m */; };
		7EDED6D91C846F340084F6DA /* SDWebImageManager.m in Sources */ = {isa = PBXBuildFile; fileRef = 7EDED6C01C846F340084F6DA /* SDWebImageManager.m */; };
		7EDED6DA1C846F340084F6DA /* SDWebImagePrefetcher.m in Sources */ = {isa = PBXBuildFile; fileRef = 7EDED6C31C846F340084F6DA /* SDWebImagePrefetcher.m */; };
		7EDED6DB1C846F340084F6DA /* UIButton+WebCache.m in Sources */ = {isa = PBXBuildFile; fileRef = 7EDED6C51C846F340084F6DA /* UIButton+WebCache.m */; };
		7EDED6DC1C846F340084F6DA /* UIImage+GIF.m in Sources */ = {isa = PBXBuildFile; fileRef = 7EDED6C71C846F340084F6DA /* UIImage+GIF.m */; };
		7EDED6DD1C846F340084F6DA /* UIImage+MultiFormat.m in Sources */ = {isa = PBXBuildFile; fileRef = 7EDED6C91C846F340084F6DA /* UIImage+MultiFormat.m */; };
		7EDED6DE1C846F340084F6DA /* UIImage+WebP.m in Sources */ = {isa = PBXBuildFile; fileRef = 7EDED6CB1C846F340084F6DA /* UIImage+WebP.m */; };
		7EDED6DF1C846F340084F6DA /* UIImageView+HighlightedWebCache.m in Sources */ = {isa = PBXBuildFile; fileRef = 7EDED6CD1C846F340084F6DA /* UIImageView+HighlightedWebCache.m */; };
		7EDED6E01C846F340084F6DA /* UIImageView+WebCache.m in Sources */ = {isa = PBXBuildFile; fileRef = 7EDED6CF1C846F340084F6DA /* UIImageView+WebCache.m */; };
		7EDED6E11C846F340084F6DA /* UIView+WebCacheOperation.m in Sources */ = {isa = PBXBuildFile; fileRef = 7EDED6D11C846F340084F6DA /* UIView+WebCacheOperation.m */; };
		7EDED6E41C846F470084F6DA /* ZdlModel.m in Sources */ = {isa = PBXBuildFile; fileRef = 7EDED6E31C846F470084F6DA /* ZdlModel.m */; };
		7EDED6E71C846F5B0084F6DA /* FMDBManager.m in Sources */ = {isa = PBXBuildFile; fileRef = 7EDED6E61C846F5B0084F6DA /* FMDBManager.m */; };
		7EDED6EA1C846F680084F6DA /* AFNetworkingExtentionVC.m in Sources */ = {isa = PBXBuildFile; fileRef = 7EDED6E91C846F680084F6DA /* AFNetworkingExtentionVC.m */; };
		7EDED6EC1C846FDB0084F6DA /* libsqlite3.tbd in Frameworks */ = {isa = PBXBuildFile; fileRef = 7EDED6EB1C846FDB0084F6DA /* libsqlite3.tbd */; };
/* End PBXBuildFile section */

/* Begin PBXContainerItemProxy section */
		7EDED6501C846EFE0084F6DA /* PBXContainerItemProxy */ = {
			isa = PBXContainerItemProxy;
			containerPortal = 7EDED62E1C846EFE0084F6DA /* Project object */;
			proxyType = 1;
			remoteGlobalIDString = 7EDED6351C846EFE0084F6DA;
			remoteInfo = My_FMDB;
		};
		7EDED65B1C846EFE0084F6DA /* PBXContainerItemProxy */ = {
			isa = PBXContainerItemProxy;
			containerPortal = 7EDED62E1C846EFE0084F6DA /* Project object */;
			proxyType = 1;
			remoteGlobalIDString = 7EDED6351C846EFE0084F6DA;
			remoteInfo = My_FMDB;
		};
/* End PBXContainerItemProxy section */

/* Begin PBXFileReference section */
		7EDED6361C846EFE0084F6DA /* My_FMDB.app */ = {isa = PBXFileReference; explicitFileType = wrapper.application; includeInIndex = 0; path = My_FMDB.app; sourceTree = BUILT_PRODUCTS_DIR; };
		7EDED63A1C846EFE0084F6DA /* main.m */ = {isa = PBXFileReference; lastKnownFileType = sourcecode.c.objc; path = main.m; sourceTree = "<group>"; };
		7EDED63C1C846EFE0084F6DA /* AppDelegate.h */ = {isa = PBXFileReference; lastKnownFileType = sourcecode.c.h; path = AppDelegate.h; sourceTree = "<group>"; };
		7EDED63D1C846EFE0084F6DA /* AppDelegate.m */ = {isa = PBXFileReference; lastKnownFileType = sourcecode.c.objc; path = AppDelegate.m; sourceTree = "<group>"; };
		7EDED63F1C846EFE0084F6DA /* ViewController.h */ = {isa = PBXFileReference; lastKnownFileType = sourcecode.c.h; path = ViewController.h; sourceTree = "<group>"; };
		7EDED6401C846EFE0084F6DA /* ViewController.m */ = {isa = PBXFileReference; lastKnownFileType = sourcecode.c.objc; path = ViewController.m; sourceTree = "<group>"; };
		7EDED6431C846EFE0084F6DA /* Base */ = {isa = PBXFileReference; lastKnownFileType = file.storyboard; name = Base; path = Base.lproj/Main.storyboard; sourceTree = "<group>"; };
		7EDED6451C846EFE0084F6DA /* Assets.xcassets */ = {isa = PBXFileReference; lastKnownFileType = folder.assetcatalog; path = Assets.xcassets; sourceTree = "<group>"; };
		7EDED6481C846EFE0084F6DA /* Base */ = {isa = PBXFileReference; lastKnownFileType = file.storyboard; name = Base; path = Base.lproj/LaunchScreen.storyboard; sourceTree = "<group>"; };
		7EDED64A1C846EFE0084F6DA /* Info.plist */ = {isa = PBXFileReference; lastKnownFileType = text.plist.xml; path = Info.plist; sourceTree = "<group>"; };
		7EDED64F1C846EFE0084F6DA /* My_FMDBTests.xctest */ = {isa = PBXFileReference; explicitFileType = wrapper.cfbundle; includeInIndex = 0; path = My_FMDBTests.xctest; sourceTree = BUILT_PRODUCTS_DIR; };
		7EDED6531C846EFE0084F6DA /* My_FMDBTests.m */ = {isa = PBXFileReference; lastKnownFileType = sourcecode.c.objc; path = My_FMDBTests.m; sourceTree = "<group>"; };
		7EDED6551C846EFE0084F6DA /* Info.plist */ = {isa = PBXFileReference; lastKnownFileType = text.plist.xml; path = Info.plist; sourceTree = "<group>"; };
		7EDED65A1C846EFE0084F6DA /* My_FMDBUITests.xctest */ = {isa = PBXFileReference; explicitFileType = wrapper.cfbundle; includeInIndex = 0; path = My_FMDBUITests.xctest; sourceTree = BUILT_PRODUCTS_DIR; };
		7EDED65E1C846EFE0084F6DA /* My_FMDBUITests.m */ = {isa = PBXFileReference; lastKnownFileType = sourcecode.c.objc; path = My_FMDBUITests.m; sourceTree = "<group>"; };
		7EDED6601C846EFE0084F6DA /* Info.plist */ = {isa = PBXFileReference; lastKnownFileType = text.plist.xml; path = Info.plist; sourceTree = "<group>"; };
		7EDED66E1C846F110084F6DA /* AFHTTPSessionManager.h */ = {isa = PBXFileReference; fileEncoding = 4; lastKnownFileType = sourcecode.c.h; path = AFHTTPSessionManager.h; sourceTree = "<group>"; };
		7EDED66F1C846F110084F6DA /* AFHTTPSessionManager.m */ = {isa = PBXFileReference; fileEncoding = 4; lastKnownFileType = sourcecode.c.objc; path = AFHTTPSessionManager.m; sourceTree = "<group>"; };
		7EDED6701C846F110084F6DA /* AFNetworking.h */ = {isa = PBXFileReference; fileEncoding = 4; lastKnownFileType = sourcecode.c.h; path = AFNetworking.h; sourceTree = "<group>"; };
		7EDED6711C846F110084F6DA /* AFNetworkReachabilityManager.h */ = {isa = PBXFileReference; fileEncoding = 4; lastKnownFileType = sourcecode.c.h; path = AFNetworkReachabilityManager.h; sourceTree = "<group>"; };
		7EDED6721C846F110084F6DA /* AFNetworkReachabilityManager.m */ = {isa = PBXFileReference; fileEncoding = 4; lastKnownFileType = sourcecode.c.objc; path = AFNetworkReachabilityManager.m; sourceTree = "<group>"; };
		7EDED6731C846F110084F6DA /* AFSecurityPolicy.h */ = {isa = PBXFileReference; fileEncoding = 4; lastKnownFileType = sourcecode.c.h; path = AFSecurityPolicy.h; sourceTree = "<group>"; };
		7EDED6741C846F110084F6DA /* AFSecurityPolicy.m */ = {isa = PBXFileReference; fileEncoding = 4; lastKnownFileType = sourcecode.c.objc; path = AFSecurityPolicy.m; sourceTree = "<group>"; };
		7EDED6751C846F110084F6DA /* AFURLRequestSerialization.h */ = {isa = PBXFileReference; fileEncoding = 4; lastKnownFileType = sourcecode.c.h; path = AFURLRequestSerialization.h; sourceTree = "<group>"; };
		7EDED6761C846F110084F6DA /* AFURLRequestSerialization.m */ = {isa = PBXFileReference; fileEncoding = 4; lastKnownFileType = sourcecode.c.objc; path = AFURLRequestSerialization.m; sourceTree = "<group>"; };
		7EDED6771C846F110084F6DA /* AFURLResponseSerialization.h */ = {isa = PBXFileReference; fileEncoding = 4; lastKnownFileType = sourcecode.c.h; path = AFURLResponseSerialization.h; sourceTree = "<group>"; };
		7EDED6781C846F110084F6DA /* AFURLResponseSerialization.m */ = {isa = PBXFileReference; fileEncoding = 4; lastKnownFileType = sourcecode.c.objc; path = AFURLResponseSerialization.m; sourceTree = "<group>"; };
		7EDED6791C846F110084F6DA /* AFURLSessionManager.h */ = {isa = PBXFileReference; fileEncoding = 4; lastKnownFileType = sourcecode.c.h; path = AFURLSessionManager.h; sourceTree = "<group>"; };
		7EDED67A1C846F110084F6DA /* AFURLSessionManager.m */ = {isa = PBXFileReference; fileEncoding = 4; lastKnownFileType = sourcecode.c.objc; path = AFURLSessionManager.m; sourceTree = "<group>"; };
		7EDED67C1C846F110084F6DA /* AFAutoPurgingImageCache.h */ = {isa = PBXFileReference; fileEncoding = 4; lastKnownFileType = sourcecode.c.h; path = AFAutoPurgingImageCache.h; sourceTree = "<group>"; };
		7EDED67D1C846F110084F6DA /* AFAutoPurgingImageCache.m */ = {isa = PBXFileReference; fileEncoding = 4; lastKnownFileType = sourcecode.c.objc; path = AFAutoPurgingImageCache.m; sourceTree = "<group>"; };
		7EDED67E1C846F110084F6DA /* AFImageDownloader.h */ = {isa = PBXFileReference; fileEncoding = 4; lastKnownFileType = sourcecode.c.h; path = AFImageDownloader.h; sourceTree = "<group>"; };
		7EDED67F1C846F110084F6DA /* AFImageDownloader.m */ = {isa = PBXFileReference; fileEncoding = 4; lastKnownFileType = sourcecode.c.objc; path = AFImageDownloader.m; sourceTree = "<group>"; };
		7EDED6801C846F110084F6DA /* AFNetworkActivityIndicatorManager.h */ = {isa = PBXFileReference; fileEncoding = 4; lastKnownFileType = sourcecode.c.h; path = AFNetworkActivityIndicatorManager.h; sourceTree = "<group>"; };
		7EDED6811C846F110084F6DA /* AFNetworkActivityIndicatorManager.m */ = {isa = PBXFileReference; fileEncoding = 4; lastKnownFileType = sourcecode.c.objc; path = AFNetworkActivityIndicatorManager.m; sourceTree = "<group>"; };
		7EDED6821C846F110084F6DA /* UIActivityIndicatorView+AFNetworking.h */ = {isa = PBXFileReference; fileEncoding = 4; lastKnownFileType = sourcecode.c.h; path = "UIActivityIndicatorView+AFNetworking.h"; sourceTree = "<group>"; };
		7EDED6831C846F110084F6DA /* UIActivityIndicatorView+AFNetworking.m */ = {isa = PBXFileReference; fileEncoding = 4; lastKnownFileType = sourcecode.c.objc; path = "UIActivityIndicatorView+AFNetworking.m"; sourceTree = "<group>"; };
		7EDED6841C846F110084F6DA /* UIButton+AFNetworking.h */ = {isa = PBXFileReference; fileEncoding = 4; lastKnownFileType = sourcecode.c.h; path = "UIButton+AFNetworking.h"; sourceTree = "<group>"; };
		7EDED6851C846F110084F6DA /* UIButton+AFNetworking.m */ = {isa = PBXFileReference; fileEncoding = 4; lastKnownFileType = sourcecode.c.objc; path = "UIButton+AFNetworking.m"; sourceTree = "<group>"; };
		7EDED6861C846F110084F6DA /* UIImage+AFNetworking.h */ = {isa = PBXFileReference; fileEncoding = 4; lastKnownFileType = sourcecode.c.h; path = "UIImage+AFNetworking.h"; sourceTree = "<group>"; };
		7EDED6871C846F110084F6DA /* UIImageView+AFNetworking.h */ = {isa = PBXFileReference; fileEncoding = 4; lastKnownFileType = sourcecode.c.h; path = "UIImageView+AFNetworking.h"; sourceTree = "<group>"; };
		7EDED6881C846F110084F6DA /* UIImageView+AFNetworking.m */ = {isa = PBXFileReference; fileEncoding = 4; lastKnownFileType = sourcecode.c.objc; path = "UIImageView+AFNetworking.m"; sourceTree = "<group>"; };
		7EDED6891C846F110084F6DA /* UIKit+AFNetworking.h */ = {isa = PBXFileReference; fileEncoding = 4; lastKnownFileType = sourcecode.c.h; path = "UIKit+AFNetworking.h"; sourceTree = "<group>"; };
		7EDED68A1C846F110084F6DA /* UIProgressView+AFNetworking.h */ = {isa = PBXFileReference; fileEncoding = 4; lastKnownFileType = sourcecode.c.h; path = "UIProgressView+AFNetworking.h"; sourceTree = "<group>"; };
		7EDED68B1C846F110084F6DA /* UIProgressView+AFNetworking.m */ = {isa = PBXFileReference; fileEncoding = 4; lastKnownFileType = sourcecode.c.objc; path = "UIProgressView+AFNetworking.m"; sourceTree = "<group>"; };
		7EDED68C1C846F110084F6DA /* UIRefreshControl+AFNetworking.h */ = {isa = PBXFileReference; fileEncoding = 4; lastKnownFileType = sourcecode.c.h; path = "UIRefreshControl+AFNetworking.h"; sourceTree = "<group>"; };
		7EDED68D1C846F110084F6DA /* UIRefreshControl+AFNetworking.m */ = {isa = PBXFileReference; fileEncoding = 4; lastKnownFileType = sourcecode.c.objc; path = "UIRefreshControl+AFNetworking.m"; sourceTree = "<group>"; };
		7EDED68E1C846F110084F6DA /* UIWebView+AFNetworking.h */ = {isa = PBXFileReference; fileEncoding = 4; lastKnownFileType = sourcecode.c.h; path = "UIWebView+AFNetworking.h"; sourceTree = "<group>"; };
		7EDED68F1C846F110084F6DA /* UIWebView+AFNetworking.m */ = {isa = PBXFileReference; fileEncoding = 4; lastKnownFileType = sourcecode.c.objc; path = "UIWebView+AFNetworking.m"; sourceTree = "<group>"; };
		7EDED6A01C846F1C0084F6DA /* FMDatabase.h */ = {isa = PBXFileReference; fileEncoding = 4; lastKnownFileType = sourcecode.c.h; path = FMDatabase.h; sourceTree = "<group>"; };
		7EDED6A11C846F1C0084F6DA /* FMDatabase.m */ = {isa = PBXFileReference; fileEncoding = 4; lastKnownFileType = sourcecode.c.objc; path = FMDatabase.m; sourceTree = "<group>"; };
		7EDED6A21C846F1C0084F6DA /* FMDatabaseAdditions.h */ = {isa = PBXFileReference; fileEncoding = 4; lastKnownFileType = sourcecode.c.h; path = FMDatabaseAdditions.h; sourceTree = "<group>"; };
		7EDED6A31C846F1C0084F6DA /* FMDatabaseAdditions.m */ = {isa = PBXFileReference; fileEncoding = 4; lastKnownFileType = sourcecode.c.objc; path = FMDatabaseAdditions.m; sourceTree = "<group>"; };
		7EDED6A41C846F1C0084F6DA /* FMDatabasePool.h */ = {isa = PBXFileReference; fileEncoding = 4; lastKnownFileType = sourcecode.c.h; path = FMDatabasePool.h; sourceTree = "<group>"; };
		7EDED6A51C846F1C0084F6DA /* FMDatabasePool.m */ = {isa = PBXFileReference; fileEncoding = 4; lastKnownFileType = sourcecode.c.objc; path = FMDatabasePool.m; sourceTree = "<group>"; };
		7EDED6A61C846F1C0084F6DA /* FMDatabaseQueue.h */ = {isa = PBXFileReference; fileEncoding = 4; lastKnownFileType = sourcecode.c.h; path = FMDatabaseQueue.h; sourceTree = "<group>"; };
		7EDED6A71C846F1C0084F6DA /* FMDatabaseQueue.m */ = {isa = PBXFileReference; fileEncoding = 4; lastKnownFileType = sourcecode.c.objc; path = FMDatabaseQueue.m; sourceTree = "<group>"; };
		7EDED6A81C846F1C0084F6DA /* FMDB.h */ = {isa = PBXFileReference; fileEncoding = 4; lastKnownFileType = sourcecode.c.h; path = FMDB.h; sourceTree = "<group>"; };
		7EDED6A91C846F1C0084F6DA /* FMResultSet.h */ = {isa = PBXFileReference; fileEncoding = 4; lastKnownFileType = sourcecode.c.h; path = FMResultSet.h; sourceTree = "<group>"; };
		7EDED6AA1C846F1C0084F6DA /* FMResultSet.m */ = {isa = PBXFileReference; fileEncoding = 4; lastKnownFileType = sourcecode.c.objc; path = FMResultSet.m; sourceTree = "<group>"; };
		7EDED6B11C846F340084F6DA /* MKAnnotationView+WebCache.h */ = {isa = PBXFileReference; fileEncoding = 4; lastKnownFileType = sourcecode.c.h; path = "MKAnnotationView+WebCache.h"; sourceTree = "<group>"; };
		7EDED6B21C846F340084F6DA /* MKAnnotationView+WebCache.m */ = {isa = PBXFileReference; fileEncoding = 4; lastKnownFileType = sourcecode.c.objc; path = "MKAnnotationView+WebCache.m"; sourceTree = "<group>"; };
		7EDED6B31C846F340084F6DA /* NSData+ImageContentType.h */ = {isa = PBXFileReference; fileEncoding = 4; lastKnownFileType = sourcecode.c.h; path = "NSData+ImageContentType.h"; sourceTree = "<group>"; };
		7EDED6B41C846F340084F6DA /* NSData+ImageContentType.m */ = {isa = PBXFileReference; fileEncoding = 4; lastKnownFileType = sourcecode.c.objc; path = "NSData+ImageContentType.m"; sourceTree = "<group>"; };
		7EDED6B51C846F340084F6DA /* SDImageCache.h */ = {isa = PBXFileReference; fileEncoding = 4; lastKnownFileType = sourcecode.c.h; path = SDImageCache.h; sourceTree = "<group>"; };
		7EDED6B61C846F340084F6DA /* SDImageCache.m */ = {isa = PBXFileReference; fileEncoding = 4; lastKnownFileType = sourcecode.c.objc; path = SDImageCache.m; sourceTree = "<group>"; };
		7EDED6B71C846F340084F6DA /* SDWebImageCompat.h */ = {isa = PBXFileReference; fileEncoding = 4; lastKnownFileType = sourcecode.c.h; path = SDWebImageCompat.h; sourceTree = "<group>"; };
		7EDED6B81C846F340084F6DA /* SDWebImageCompat.m */ = {isa = PBXFileReference; fileEncoding = 4; lastKnownFileType = sourcecode.c.objc; path = SDWebImageCompat.m; sourceTree = "<group>"; };
		7EDED6B91C846F340084F6DA /* SDWebImageDecoder.h */ = {isa = PBXFileReference; fileEncoding = 4; lastKnownFileType = sourcecode.c.h; path = SDWebImageDecoder.h; sourceTree = "<group>"; };
		7EDED6BA1C846F340084F6DA /* SDWebImageDecoder.m */ = {isa = PBXFileReference; fileEncoding = 4; lastKnownFileType = sourcecode.c.objc; path = SDWebImageDecoder.m; sourceTree = "<group>"; };
		7EDED6BB1C846F340084F6DA /* SDWebImageDownloader.h */ = {isa = PBXFileReference; fileEncoding = 4; lastKnownFileType = sourcecode.c.h; path = SDWebImageDownloader.h; sourceTree = "<group>"; };
		7EDED6BC1C846F340084F6DA /* SDWebImageDownloader.m */ = {isa = PBXFileReference; fileEncoding = 4; lastKnownFileType = sourcecode.c.objc; path = SDWebImageDownloader.m; sourceTree = "<group>"; };
		7EDED6BD1C846F340084F6DA /* SDWebImageDownloaderOperation.h */ = {isa = PBXFileReference; fileEncoding = 4; lastKnownFileType = sourcecode.c.h; path = SDWebImageDownloaderOperation.h; sourceTree = "<group>"; };
		7EDED6BE1C846F340084F6DA /* SDWebImageDownloaderOperation.m */ = {isa = PBXFileReference; fileEncoding = 4; lastKnownFileType = sourcecode.c.objc; path = SDWebImageDownloaderOperation.m; sourceTree = "<group>"; };
		7EDED6BF1C846F340084F6DA /* SDWebImageManager.h */ = {isa = PBXFileReference; fileEncoding = 4; lastKnownFileType = sourcecode.c.h; path = SDWebImageManager.h; sourceTree = "<group>"; };
		7EDED6C01C846F340084F6DA /* SDWebImageManager.m */ = {isa = PBXFileReference; fileEncoding = 4; lastKnownFileType = sourcecode.c.objc; path = SDWebImageManager.m; sourceTree = "<group>"; };
		7EDED6C11C846F340084F6DA /* SDWebImageOperation.h */ = {isa = PBXFileReference; fileEncoding = 4; lastKnownFileType = sourcecode.c.h; path = SDWebImageOperation.h; sourceTree = "<group>"; };
		7EDED6C21C846F340084F6DA /* SDWebImagePrefetcher.h */ = {isa = PBXFileReference; fileEncoding = 4; lastKnownFileType = sourcecode.c.h; path = SDWebImagePrefetcher.h; sourceTree = "<group>"; };
		7EDED6C31C846F340084F6DA /* SDWebImagePrefetcher.m */ = {isa = PBXFileReference; fileEncoding = 4; lastKnownFileType = sourcecode.c.objc; path = SDWebImagePrefetcher.m; sourceTree = "<group>"; };
		7EDED6C41C846F340084F6DA /* UIButton+WebCache.h */ = {isa = PBXFileReference; fileEncoding = 4; lastKnownFileType = sourcecode.c.h; path = "UIButton+WebCache.h"; sourceTree = "<group>"; };
		7EDED6C51C846F340084F6DA /* UIButton+WebCache.m */ = {isa = PBXFileReference; fileEncoding = 4; lastKnownFileType = sourcecode.c.objc; path = "UIButton+WebCache.m"; sourceTree = "<group>"; };
		7EDED6C61C846F340084F6DA /* UIImage+GIF.h */ = {isa = PBXFileReference; fileEncoding = 4; lastKnownFileType = sourcecode.c.h; path = "UIImage+GIF.h"; sourceTree = "<group>"; };
		7EDED6C71C846F340084F6DA /* UIImage+GIF.m */ = {isa = PBXFileReference; fileEncoding = 4; lastKnownFileType = sourcecode.c.objc; path = "UIImage+GIF.m"; sourceTree = "<group>"; };
		7EDED6C81C846F340084F6DA /* UIImage+MultiFormat.h */ = {isa = PBXFileReference; fileEncoding = 4; lastKnownFileType = sourcecode.c.h; path = "UIImage+MultiFormat.h"; sourceTree = "<group>"; };
		7EDED6C91C846F340084F6DA /* UIImage+MultiFormat.m */ = {isa = PBXFileReference; fileEncoding = 4; lastKnownFileType = sourcecode.c.objc; path = "UIImage+MultiFormat.m"; sourceTree = "<group>"; };
		7EDED6CA1C846F340084F6DA /* UIImage+WebP.h */ = {isa = PBXFileReference; fileEncoding = 4; lastKnownFileType = sourcecode.c.h; path = "UIImage+WebP.h"; sourceTree = "<group>"; };
		7EDED6CB1C846F340084F6DA /* UIImage+WebP.m */ = {isa = PBXFileReference; fileEncoding = 4; lastKnownFileType = sourcecode.c.objc; path = "UIImage+WebP.m"; sourceTree = "<group>"; };
		7EDED6CC1C846F340084F6DA /* UIImageView+HighlightedWebCache.h */ = {isa = PBXFileReference; fileEncoding = 4; lastKnownFileType = sourcecode.c.h; path = "UIImageView+HighlightedWebCache.h"; sourceTree = "<group>"; };
		7EDED6CD1C846F340084F6DA /* UIImageView+HighlightedWebCache.m */ = {isa = PBXFileReference; fileEncoding = 4; lastKnownFileType = sourcecode.c.objc; path = "UIImageView+HighlightedWebCache.m"; sourceTree = "<group>"; };
		7EDED6CE1C846F340084F6DA /* UIImageView+WebCache.h */ = {isa = PBXFileReference; fileEncoding = 4; lastKnownFileType = sourcecode.c.h; path = "UIImageView+WebCache.h"; sourceTree = "<group>"; };
		7EDED6CF1C846F340084F6DA /* UIImageView+WebCache.m */ = {isa = PBXFileReference; fileEncoding = 4; lastKnownFileType = sourcecode.c.objc; path = "UIImageView+WebCache.m"; sourceTree = "<group>"; };
		7EDED6D01C846F340084F6DA /* UIView+WebCacheOperation.h */ = {isa = PBXFileReference; fileEncoding = 4; lastKnownFileType = sourcecode.c.h; path = "UIView+WebCacheOperation.h"; sourceTree = "<group>"; };
		7EDED6D11C846F340084F6DA /* UIView+WebCacheOperation.m */ = {isa = PBXFileReference; fileEncoding = 4; lastKnownFileType = sourcecode.c.objc; path = "UIView+WebCacheOperation.m"; sourceTree = "<group>"; };
		7EDED6E21C846F470084F6DA /* ZdlModel.h */ = {isa = PBXFileReference; fileEncoding = 4; lastKnownFileType = sourcecode.c.h; path = ZdlModel.h; sourceTree = "<group>"; };
		7EDED6E31C846F470084F6DA /* ZdlModel.m */ = {isa = PBXFileReference; fileEncoding = 4; lastKnownFileType = sourcecode.c.objc; path = ZdlModel.m; sourceTree = "<group>"; };
		7EDED6E51C846F5B0084F6DA /* FMDBManager.h */ = {isa = PBXFileReference; fileEncoding = 4; lastKnownFileType = sourcecode.c.h; path = FMDBManager.h; sourceTree = "<group>"; };
		7EDED6E61C846F5B0084F6DA /* FMDBManager.m */ = {isa = PBXFileReference; fileEncoding = 4; lastKnownFileType = sourcecode.c.objc; path = FMDBManager.m; sourceTree = "<group>"; };
		7EDED6E81C846F680084F6DA /* AFNetworkingExtentionVC.h */ = {isa = PBXFileReference; fileEncoding = 4; lastKnownFileType = sourcecode.c.h; path = AFNetworkingExtentionVC.h; sourceTree = "<group>"; };
		7EDED6E91C846F680084F6DA /* AFNetworkingExtentionVC.m */ = {isa = PBXFileReference; fileEncoding = 4; lastKnownFileType = sourcecode.c.objc; path = AFNetworkingExtentionVC.m; sourceTree = "<group>"; };
		7EDED6EB1C846FDB0084F6DA /* libsqlite3.tbd */ = {isa = PBXFileReference; lastKnownFileType = "sourcecode.text-based-dylib-definition"; name = libsqlite3.tbd; path = usr/lib/libsqlite3.tbd; sourceTree = SDKROOT; };
/* End PBXFileReference section */

/* Begin PBXFrameworksBuildPhase section */
		7EDED6331C846EFE0084F6DA /* Frameworks */ = {
			isa = PBXFrameworksBuildPhase;
			buildActionMask = 2147483647;
			files = (
				7EDED6EC1C846FDB0084F6DA /* libsqlite3.tbd in Frameworks */,
			);
			runOnlyForDeploymentPostprocessing = 0;
		};
		7EDED64C1C846EFE0084F6DA /* Frameworks */ = {
			isa = PBXFrameworksBuildPhase;
			buildActionMask = 2147483647;
			files = (
			);
			runOnlyForDeploymentPostprocessing = 0;
		};
		7EDED6571C846EFE0084F6DA /* Frameworks */ = {
			isa = PBXFrameworksBuildPhase;
			buildActionMask = 2147483647;
			files = (
			);
			runOnlyForDeploymentPostprocessing = 0;
		};
/* End PBXFrameworksBuildPhase section */

/* Begin PBXGroup section */
		7EDED62D1C846EFE0084F6DA = {
			isa = PBXGroup;
			children = (
				7EDED6EB1C846FDB0084F6DA /* libsqlite3.tbd */,
				7EDED6381C846EFE0084F6DA /* My_FMDB */,
				7EDED6521C846EFE0084F6DA /* My_FMDBTests */,
				7EDED65D1C846EFE0084F6DA /* My_FMDBUITests */,
				7EDED6371C846EFE0084F6DA /* Products */,
			);
			sourceTree = "<group>";
		};
		7EDED6371C846EFE0084F6DA /* Products */ = {
			isa = PBXGroup;
			children = (
				7EDED6361C846EFE0084F6DA /* My_FMDB.app */,
				7EDED64F1C846EFE0084F6DA /* My_FMDBTests.xctest */,
				7EDED65A1C846EFE0084F6DA /* My_FMDBUITests.xctest */,
			);
			name = Products;
			sourceTree = "<group>";
		};
		7EDED6381C846EFE0084F6DA /* My_FMDB */ = {
			isa = PBXGroup;
			children = (
				7EDED6B01C846F340084F6DA /* SDWebImagenew */,
				7EDED69F1C846F1C0084F6DA /* fmdb */,
				7EDED66C1C846F110084F6DA /* AFNetworking */,
				7EDED63C1C846EFE0084F6DA /* AppDelegate.h */,
				7EDED63D1C846EFE0084F6DA /* AppDelegate.m */,
				7EDED63F1C846EFE0084F6DA /* ViewController.h */,
				7EDED6401C846EFE0084F6DA /* ViewController.m */,
				7EDED6421C846EFE0084F6DA /* Main.storyboard */,
				7EDED6451C846EFE0084F6DA /* Assets.xcassets */,
				7EDED6471C846EFE0084F6DA /* LaunchScreen.storyboard */,
				7EDED64A1C846EFE0084F6DA /* Info.plist */,
				7EDED6391C846EFE0084F6DA /* Supporting Files */,
			);
			path = My_FMDB;
			sourceTree = "<group>";
		};
		7EDED6391C846EFE0084F6DA /* Supporting Files */ = {
			isa = PBXGroup;
			children = (
				7EDED6E81C846F680084F6DA /* AFNetworkingExtentionVC.h */,
				7EDED6E91C846F680084F6DA /* AFNetworkingExtentionVC.m */,
				7EDED6E21C846F470084F6DA /* ZdlModel.h */,
				7EDED6E31C846F470084F6DA /* ZdlModel.m */,
				7EDED6E51C846F5B0084F6DA /* FMDBManager.h */,
				7EDED6E61C846F5B0084F6DA /* FMDBManager.m */,
				7EDED63A1C846EFE0084F6DA /* main.m */,
			);
			name = "Supporting Files";
			sourceTree = "<group>";
		};
		7EDED6521C846EFE0084F6DA /* My_FMDBTests */ = {
			isa = PBXGroup;
			children = (
				7EDED6531C846EFE0084F6DA /* My_FMDBTests.m */,
				7EDED6551C846EFE0084F6DA /* Info.plist */,
			);
			path = My_FMDBTests;
			sourceTree = "<group>";
		};
		7EDED65D1C846EFE0084F6DA /* My_FMDBUITests */ = {
			isa = PBXGroup;
			children = (
				7EDED65E1C846EFE0084F6DA /* My_FMDBUITests.m */,
				7EDED6601C846EFE0084F6DA /* Info.plist */,
			);
			path = My_FMDBUITests;
			sourceTree = "<group>";
		};
		7EDED66C1C846F110084F6DA /* AFNetworking */ = {
			isa = PBXGroup;
			children = (
				7EDED66D1C846F110084F6DA /* AFNetworking */,
				7EDED67B1C846F110084F6DA /* UIKit+AFNetworking */,
			);
			path = AFNetworking;
			sourceTree = "<group>";
		};
		7EDED66D1C846F110084F6DA /* AFNetworking */ = {
			isa = PBXGroup;
			children = (
				7EDED66E1C846F110084F6DA /* AFHTTPSessionManager.h */,
				7EDED66F1C846F110084F6DA /* AFHTTPSessionManager.m */,
				7EDED6701C846F110084F6DA /* AFNetworking.h */,
				7EDED6711C846F110084F6DA /* AFNetworkReachabilityManager.h */,
				7EDED6721C846F110084F6DA /* AFNetworkReachabilityManager.m */,
				7EDED6731C846F110084F6DA /* AFSecurityPolicy.h */,
				7EDED6741C846F110084F6DA /* AFSecurityPolicy.m */,
				7EDED6751C846F110084F6DA /* AFURLRequestSerialization.h */,
				7EDED6761C846F110084F6DA /* AFURLRequestSerialization.m */,
				7EDED6771C846F110084F6DA /* AFURLResponseSerialization.h */,
				7EDED6781C846F110084F6DA /* AFURLResponseSerialization.m */,
				7EDED6791C846F110084F6DA /* AFURLSessionManager.h */,
				7EDED67A1C846F110084F6DA /* AFURLSessionManager.m */,
			);
			path = AFNetworking;
			sourceTree = "<group>";
		};
		7EDED67B1C846F110084F6DA /* UIKit+AFNetworking */ = {
			isa = PBXGroup;
			children = (
				7EDED67C1C846F110084F6DA /* AFAutoPurgingImageCache.h */,
				7EDED67D1C846F110084F6DA /* AFAutoPurgingImageCache.m */,
				7EDED67E1C846F110084F6DA /* AFImageDownloader.h */,
				7EDED67F1C846F110084F6DA /* AFImageDownloader.m */,
				7EDED6801C846F110084F6DA /* AFNetworkActivityIndicatorManager.h */,
				7EDED6811C846F110084F6DA /* AFNetworkActivityIndicatorManager.m */,
				7EDED6821C846F110084F6DA /* UIActivityIndicatorView+AFNetworking.h */,
				7EDED6831C846F110084F6DA /* UIActivityIndicatorView+AFNetworking.m */,
				7EDED6841C846F110084F6DA /* UIButton+AFNetworking.h */,
				7EDED6851C846F110084F6DA /* UIButton+AFNetworking.m */,
				7EDED6861C846F110084F6DA /* UIImage+AFNetworking.h */,
				7EDED6871C846F110084F6DA /* UIImageView+AFNetworking.h */,
				7EDED6881C846F110084F6DA /* UIImageView+AFNetworking.m */,
				7EDED6891C846F110084F6DA /* UIKit+AFNetworking.h */,
				7EDED68A1C846F110084F6DA /* UIProgressView+AFNetworking.h */,
				7EDED68B1C846F110084F6DA /* UIProgressView+AFNetworking.m */,
				7EDED68C1C846F110084F6DA /* UIRefreshControl+AFNetworking.h */,
				7EDED68D1C846F110084F6DA /* UIRefreshControl+AFNetworking.m */,
				7EDED68E1C846F110084F6DA /* UIWebView+AFNetworking.h */,
				7EDED68F1C846F110084F6DA /* UIWebView+AFNetworking.m */,
			);
			path = "UIKit+AFNetworking";
			sourceTree = "<group>";
		};
		7EDED69F1C846F1C0084F6DA /* fmdb */ = {
			isa = PBXGroup;
			children = (
				7EDED6A01C846F1C0084F6DA /* FMDatabase.h */,
				7EDED6A11C846F1C0084F6DA /* FMDatabase.m */,
				7EDED6A21C846F1C0084F6DA /* FMDatabaseAdditions.h */,
				7EDED6A31C846F1C0084F6DA /* FMDatabaseAdditions.m */,
				7EDED6A41C846F1C0084F6DA /* FMDatabasePool.h */,
				7EDED6A51C846F1C0084F6DA /* FMDatabasePool.m */,
				7EDED6A61C846F1C0084F6DA /* FMDatabaseQueue.h */,
				7EDED6A71C846F1C0084F6DA /* FMDatabaseQueue.m */,
				7EDED6A81C846F1C0084F6DA /* FMDB.h */,
				7EDED6A91C846F1C0084F6DA /* FMResultSet.h */,
				7EDED6AA1C846F1C0084F6DA /* FMResultSet.m */,
			);
			path = fmdb;
			sourceTree = "<group>";
		};
		7EDED6B01C846F340084F6DA /* SDWebImagenew */ = {
			isa = PBXGroup;
			children = (
				7EDED6B11C846F340084F6DA /* MKAnnotationView+WebCache.h */,
				7EDED6B21C846F340084F6DA /* MKAnnotationView+WebCache.m */,
				7EDED6B31C846F340084F6DA /* NSData+ImageContentType.h */,
				7EDED6B41C846F340084F6DA /* NSData+ImageContentType.m */,
				7EDED6B51C846F340084F6DA /* SDImageCache.h */,
				7EDED6B61C846F340084F6DA /* SDImageCache.m */,
				7EDED6B71C846F340084F6DA /* SDWebImageCompat.h */,
				7EDED6B81C846F340084F6DA /* SDWebImageCompat.m */,
				7EDED6B91C846F340084F6DA /* SDWebImageDecoder.h */,
				7EDED6BA1C846F340084F6DA /* SDWebImageDecoder.m */,
				7EDED6BB1C846F340084F6DA /* SDWebImageDownloader.h */,
				7EDED6BC1C846F340084F6DA /* SDWebImageDownloader.m */,
				7EDED6BD1C846F340084F6DA /* SDWebImageDownloaderOperation.h */,
				7EDED6BE1C846F340084F6DA /* SDWebImageDownloaderOperation.m */,
				7EDED6BF1C846F340084F6DA /* SDWebImageManager.h */,
				7EDED6C01C846F340084F6DA /* SDWebImageManager.m */,
				7EDED6C11C846F340084F6DA /* SDWebImageOperation.h */,
				7EDED6C21C846F340084F6DA /* SDWebImagePrefetcher.h */,
				7EDED6C31C846F340084F6DA /* SDWebImagePrefetcher.m */,
				7EDED6C41C846F340084F6DA /* UIButton+WebCache.h */,
				7EDED6C51C846F340084F6DA /* UIButton+WebCache.m */,
				7EDED6C61C846F340084F6DA /* UIImage+GIF.h */,
				7EDED6C71C846F340084F6DA /* UIImage+GIF.m */,
				7EDED6C81C846F340084F6DA /* UIImage+MultiFormat.h */,
				7EDED6C91C846F340084F6DA /* UIImage+MultiFormat.m */,
				7EDED6CA1C846F340084F6DA /* UIImage+WebP.h */,
				7EDED6CB1C846F340084F6DA /* UIImage+WebP.m */,
				7EDED6CC1C846F340084F6DA /* UIImageView+HighlightedWebCache.h */,
				7EDED6CD1C846F340084F6DA /* UIImageView+HighlightedWebCache.m */,
				7EDED6CE1C846F340084F6DA /* UIImageView+WebCache.h */,
				7EDED6CF1C846F340084F6DA /* UIImageView+WebCache.m */,
				7EDED6D01C846F340084F6DA /* UIView+WebCacheOperation.h */,
				7EDED6D11C846F340084F6DA /* UIView+WebCacheOperation.m */,
			);
			path = SDWebImagenew;
			sourceTree = "<group>";
		};
/* End PBXGroup section */

/* Begin PBXNativeTarget section */
		7EDED6351C846EFE0084F6DA /* My_FMDB */ = {
			isa = PBXNativeTarget;
			buildConfigurationList = 7EDED6631C846EFE0084F6DA /* Build configuration list for PBXNativeTarget "My_FMDB" */;
			buildPhases = (
				7EDED6321C846EFE0084F6DA /* Sources */,
				7EDED6331C846EFE0084F6DA /* Frameworks */,
				7EDED6341C846EFE0084F6DA /* Resources */,
			);
			buildRules = (
			);
			dependencies = (
			);
			name = My_FMDB;
			productName = My_FMDB;
			productReference = 7EDED6361C846EFE0084F6DA /* My_FMDB.app */;
			productType = "com.apple.product-type.application";
		};
		7EDED64E1C846EFE0084F6DA /* My_FMDBTests */ = {
			isa = PBXNativeTarget;
			buildConfigurationList = 7EDED6661C846EFE0084F6DA /* Build configuration list for PBXNativeTarget "My_FMDBTests" */;
			buildPhases = (
				7EDED64B1C846EFE0084F6DA /* Sources */,
				7EDED64C1C846EFE0084F6DA /* Frameworks */,
				7EDED64D1C846EFE0084F6DA /* Resources */,
			);
			buildRules = (
			);
			dependencies = (
				7EDED6511C846EFE0084F6DA /* PBXTargetDependency */,
			);
			name = My_FMDBTests;
			productName = My_FMDBTests;
			productReference = 7EDED64F1C846EFE0084F6DA /* My_FMDBTests.xctest */;
			productType = "com.apple.product-type.bundle.unit-test";
		};
		7EDED6591C846EFE0084F6DA /* My_FMDBUITests */ = {
			isa = PBXNativeTarget;
			buildConfigurationList = 7EDED6691C846EFE0084F6DA /* Build configuration list for PBXNativeTarget "My_FMDBUITests" */;
			buildPhases = (
				7EDED6561C846EFE0084F6DA /* Sources */,
				7EDED6571C846EFE0084F6DA /* Frameworks */,
				7EDED6581C846EFE0084F6DA /* Resources */,
			);
			buildRules = (
			);
			dependencies = (
				7EDED65C1C846EFE0084F6DA /* PBXTargetDependency */,
			);
			name = My_FMDBUITests;
			productName = My_FMDBUITests;
			productReference = 7EDED65A1C846EFE0084F6DA /* My_FMDBUITests.xctest */;
			productType = "com.apple.product-type.bundle.ui-testing";
		};
/* End PBXNativeTarget section */

/* Begin PBXProject section */
		7EDED62E1C846EFE0084F6DA /* Project object */ = {
			isa = PBXProject;
			attributes = {
				LastUpgradeCheck = 0720;
				ORGANIZATIONNAME = "张大亮";
				TargetAttributes = {
					7EDED6351C846EFE0084F6DA = {
						CreatedOnToolsVersion = 7.2;
						DevelopmentTeam = UB5V5QEBY8;
					};
					7EDED64E1C846EFE0084F6DA = {
						CreatedOnToolsVersion = 7.2;
						DevelopmentTeam = UB5V5QEBY8;
						TestTargetID = 7EDED6351C846EFE0084F6DA;
					};
					7EDED6591C846EFE0084F6DA = {
						CreatedOnToolsVersion = 7.2;
						DevelopmentTeam = UB5V5QEBY8;
						TestTargetID = 7EDED6351C846EFE0084F6DA;
					};
				};
			};
			buildConfigurationList = 7EDED6311C846EFE0084F6DA /* Build configuration list for PBXProject "My_FMDB" */;
			compatibilityVersion = "Xcode 3.2";
			developmentRegion = English;
			hasScannedForEncodings = 0;
			knownRegions = (
				en,
				Base,
			);
			mainGroup = 7EDED62D1C846EFE0084F6DA;
			productRefGroup = 7EDED6371C846EFE0084F6DA /* Products */;
			projectDirPath = "";
			projectRoot = "";
			targets = (
				7EDED6351C846EFE0084F6DA /* My_FMDB */,
				7EDED64E1C846EFE0084F6DA /* My_FMDBTests */,
				7EDED6591C846EFE0084F6DA /* My_FMDBUITests */,
			);
		};
/* End PBXProject section */

/* Begin PBXResourcesBuildPhase section */
		7EDED6341C846EFE0084F6DA /* Resources */ = {
			isa = PBXResourcesBuildPhase;
			buildActionMask = 2147483647;
			files = (
				7EDED6491C846EFE0084F6DA /* LaunchScreen.storyboard in Resources */,
				7EDED6461C846EFE0084F6DA /* Assets.xcassets in Resources */,
				7EDED6441C846EFE0084F6DA /* Main.storyboard in Resources */,
			);
			runOnlyForDeploymentPostprocessing = 0;
		};
		7EDED64D1C846EFE0084F6DA /* Resources */ = {
			isa = PBXResourcesBuildPhase;
			buildActionMask = 2147483647;
			files = (
			);
			runOnlyForDeploymentPostprocessing = 0;
		};
		7EDED6581C846EFE0084F6DA /* Resources */ = {
			isa = PBXResourcesBuildPhase;
			buildActionMask = 2147483647;
			files = (
			);
			runOnlyForDeploymentPostprocessing = 0;
		};
/* End PBXResourcesBuildPhase section */

/* Begin PBXSourcesBuildPhase section */
		7EDED6321C846EFE0084F6DA /* Sources */ = {
			isa = PBXSourcesBuildPhase;
			buildActionMask = 2147483647;
			files = (
				7EDED6D61C846F340084F6DA /* SDWebImageDecoder.m in Sources */,
				7EDED6E11C846F340084F6DA /* UIView+WebCacheOperation.m in Sources */,
				7EDED69C1C846F110084F6DA /* UIProgressView+AFNetworking.m in Sources */,
				7EDED6D91C846F340084F6DA /* SDWebImageManager.m in Sources */,
				7EDED6AB1C846F1C0084F6DA /* FMDatabase.m in Sources */,
				7EDED6951C846F110084F6DA /* AFURLSessionManager.m in Sources */,
				7EDED6E71C846F5B0084F6DA /* FMDBManager.m in Sources */,
				7EDED69E1C846F110084F6DA /* UIWebView+AFNetworking.m in Sources */,
				7EDED6D51C846F340084F6DA /* SDWebImageCompat.m in Sources */,
				7EDED6D81C846F340084F6DA /* SDWebImageDownloaderOperation.m in Sources */,
				7EDED6AD1C846F1C0084F6DA /* FMDatabasePool.m in Sources */,
				7EDED69B1C846F110084F6DA /* UIImageView+AFNetworking.m in Sources */,
				7EDED6E01C846F340084F6DA /* UIImageView+WebCache.m in Sources */,
				7EDED6411C846EFE0084F6DA /* ViewController.m in Sources */,
				7EDED69A1C846F110084F6DA /* UIButton+AFNetworking.m in Sources */,
				7EDED63E1C846EFE0084F6DA /* AppDelegate.m in Sources */,
				7EDED6DF1C846F340084F6DA /* UIImageView+HighlightedWebCache.m in Sources */,
				7EDED6911C846F110084F6DA /* AFNetworkReachabilityManager.m in Sources */,
				7EDED69D1C846F110084F6DA /* UIRefreshControl+AFNetworking.m in Sources */,
				7EDED63B1C846EFE0084F6DA /* main.m in Sources */,
				7EDED6DC1C846F340084F6DA /* UIImage+GIF.m in Sources */,
				7EDED6DD1C846F340084F6DA /* UIImage+MultiFormat.m in Sources */,
				7EDED6EA1C846F680084F6DA /* AFNetworkingExtentionVC.m in Sources */,
				7EDED6961C846F110084F6DA /* AFAutoPurgingImageCache.m in Sources */,
				7EDED6DE1C846F340084F6DA /* UIImage+WebP.m in Sources */,
				7EDED6DA1C846F340084F6DA /* SDWebImagePrefetcher.m in Sources */,
				7EDED6921C846F110084F6DA /* AFSecurityPolicy.m in Sources */,
				7EDED6931C846F110084F6DA /* AFURLRequestSerialization.m in Sources */,
				7EDED6981C846F110084F6DA /* AFNetworkActivityIndicatorManager.m in Sources */,
				7EDED6941C846F110084F6DA /* AFURLResponseSerialization.m in Sources */,
				7EDED6D21C846F340084F6DA /* MKAnnotationView+WebCache.m in Sources */,
				7EDED6AF1C846F1C0084F6DA /* FMResultSet.m in Sources */,
				7EDED6D71C846F340084F6DA /* SDWebImageDownloader.m in Sources */,
				7EDED6DB1C846F340084F6DA /* UIButton+WebCache.m in Sources */,
				7EDED6E41C846F470084F6DA /* ZdlModel.m in Sources */,
				7EDED6901C846F110084F6DA /* AFHTTPSessionManager.m in Sources */,
				7EDED6D31C846F340084F6DA /* NSData+ImageContentType.m in Sources */,
				7EDED6971C846F110084F6DA /* AFImageDownloader.m in Sources */,
				7EDED6AE1C846F1C0084F6DA /* FMDatabaseQueue.m in Sources */,
				7EDED6D41C846F340084F6DA /* SDImageCache.m in Sources */,
				7EDED6991C846F110084F6DA /* UIActivityIndicatorView+AFNetworking.m in Sources */,
				7EDED6AC1C846F1C0084F6DA /* FMDatabaseAdditions.m in Sources */,
			);
			runOnlyForDeploymentPostprocessing = 0;
		};
		7EDED64B1C846EFE0084F6DA /* Sources */ = {
			isa = PBXSourcesBuildPhase;
			buildActionMask = 2147483647;
			files = (
				7EDED6541C846EFE0084F6DA /* My_FMDBTests.m in Sources */,
			);
			runOnlyForDeploymentPostprocessing = 0;
		};
		7EDED6561C846EFE0084F6DA /* Sources */ = {
			isa = PBXSourcesBuildPhase;
			buildActionMask = 2147483647;
			files = (
				7EDED65F1C846EFE0084F6DA /* My_FMDBUITests.m in Sources */,
			);
			runOnlyForDeploymentPostprocessing = 0;
		};
/* End PBXSourcesBuildPhase section */

/* Begin PBXTargetDependency section */
		7EDED6511C846EFE0084F6DA /* PBXTargetDependency */ = {
			isa = PBXTargetDependency;
			target = 7EDED6351C846EFE0084F6DA /* My_FMDB */;
			targetProxy = 7EDED6501C846EFE0084F6DA /* PBXContainerItemProxy */;
		};
		7EDED65C1C846EFE0084F6DA /* PBXTargetDependency */ = {
			isa = PBXTargetDependency;
			target = 7EDED6351C846EFE0084F6DA /* My_FMDB */;
			targetProxy = 7EDED65B1C846EFE0084F6DA /* PBXContainerItemProxy */;
		};
/* End PBXTargetDependency section */

/* Begin PBXVariantGroup section */
		7EDED6421C846EFE0084F6DA /* Main.storyboard */ = {
			isa = PBXVariantGroup;
			children = (
				7EDED6431C846EFE0084F6DA /* Base */,
			);
			name = Main.storyboard;
			sourceTree = "<group>";
		};
		7EDED6471C846EFE0084F6DA /* LaunchScreen.storyboard */ = {
			isa = PBXVariantGroup;
			children = (
				7EDED6481C846EFE0084F6DA /* Base */,
			);
			name = LaunchScreen.storyboard;
			sourceTree = "<group>";
		};
/* End PBXVariantGroup section */

/* Begin XCBuildConfiguration section */
		7EDED6611C846EFE0084F6DA /* Debug */ = {
			isa = XCBuildConfiguration;
			buildSettings = {
				ALWAYS_SEARCH_USER_PATHS = NO;
				CLANG_CXX_LANGUAGE_STANDARD = "gnu++0x";
				CLANG_CXX_LIBRARY = "libc++";
				CLANG_ENABLE_MODULES = YES;
				CLANG_ENABLE_OBJC_ARC = YES;
				CLANG_WARN_BOOL_CONVERSION = YES;
				CLANG_WARN_CONSTANT_CONVERSION = YES;
				CLANG_WARN_DIRECT_OBJC_ISA_USAGE = YES_ERROR;
				CLANG_WARN_EMPTY_BODY = YES;
				CLANG_WARN_ENUM_CONVERSION = YES;
				CLANG_WARN_INT_CONVERSION = YES;
				CLANG_WARN_OBJC_ROOT_CLASS = YES_ERROR;
				CLANG_WARN_UNREACHABLE_CODE = YES;
				CLANG_WARN__DUPLICATE_METHOD_MATCH = YES;
				"CODE_SIGN_IDENTITY[sdk=iphoneos*]" = "iPhone Developer";
				COPY_PHASE_STRIP = NO;
				DEBUG_INFORMATION_FORMAT = dwarf;
				ENABLE_STRICT_OBJC_MSGSEND = YES;
				ENABLE_TESTABILITY = YES;
				GCC_C_LANGUAGE_STANDARD = gnu99;
				GCC_DYNAMIC_NO_PIC = NO;
				GCC_NO_COMMON_BLOCKS = YES;
				GCC_OPTIMIZATION_LEVEL = 0;
				GCC_PREPROCESSOR_DEFINITIONS = (
					"DEBUG=1",
					"$(inherited)",
				);
				GCC_WARN_64_TO_32_BIT_CONVERSION = YES;
				GCC_WARN_ABOUT_RETURN_TYPE = YES_ERROR;
				GCC_WARN_UNDECLARED_SELECTOR = YES;
				GCC_WARN_UNINITIALIZED_AUTOS = YES_AGGRESSIVE;
				GCC_WARN_UNUSED_FUNCTION = YES;
				GCC_WARN_UNUSED_VARIABLE = YES;
				IPHONEOS_DEPLOYMENT_TARGET = 9.2;
				MTL_ENABLE_DEBUG_INFO = YES;
				ONLY_ACTIVE_ARCH = YES;
				SDKROOT = iphoneos;
				TARGETED_DEVICE_FAMILY = "1,2";
			};
			name = Debug;
		};
		7EDED6621C846EFE0084F6DA /* Release */ = {
			isa = XCBuildConfiguration;
			buildSettings = {
				ALWAYS_SEARCH_USER_PATHS = NO;
				CLANG_CXX_LANGUAGE_STANDARD = "gnu++0x";
				CLANG_CXX_LIBRARY = "libc++";
				CLANG_ENABLE_MODULES = YES;
				CLANG_ENABLE_OBJC_ARC = YES;
				CLANG_WARN_BOOL_CONVERSION = YES;
				CLANG_WARN_CONSTANT_CONVERSION = YES;
				CLANG_WARN_DIRECT_OBJC_ISA_USAGE = YES_ERROR;
				CLANG_WARN_EMPTY_BODY = YES;
				CLANG_WARN_ENUM_CONVERSION = YES;
				CLANG_WARN_INT_CONVERSION = YES;
				CLANG_WARN_OBJC_ROOT_CLASS = YES_ERROR;
				CLANG_WARN_UNREACHABLE_CODE = YES;
				CLANG_WARN__DUPLICATE_METHOD_MATCH = YES;
				"CODE_SIGN_IDENTITY[sdk=iphoneos*]" = "iPhone Developer";
				COPY_PHASE_STRIP = NO;
				DEBUG_INFORMATION_FORMAT = "dwarf-with-dsym";
				ENABLE_NS_ASSERTIONS = NO;
				ENABLE_STRICT_OBJC_MSGSEND = YES;
				GCC_C_LANGUAGE_STANDARD = gnu99;
				GCC_NO_COMMON_BLOCKS = YES;
				GCC_WARN_64_TO_32_BIT_CONVERSION = YES;
				GCC_WARN_ABOUT_RETURN_TYPE = YES_ERROR;
				GCC_WARN_UNDECLARED_SELECTOR = YES;
				GCC_WARN_UNINITIALIZED_AUTOS = YES_AGGRESSIVE;
				GCC_WARN_UNUSED_FUNCTION = YES;
				GCC_WARN_UNUSED_VARIABLE = YES;
				IPHONEOS_DEPLOYMENT_TARGET = 9.2;
				MTL_ENABLE_DEBUG_INFO = NO;
				SDKROOT = iphoneos;
				TARGETED_DEVICE_FAMILY = "1,2";
				VALIDATE_PRODUCT = YES;
			};
			name = Release;
		};
		7EDED6641C846EFE0084F6DA /* Debug */ = {
			isa = XCBuildConfiguration;
			buildSettings = {
				ASSETCATALOG_COMPILER_APPICON_NAME = AppIcon;
				INFOPLIST_FILE = My_FMDB/Info.plist;
				LD_RUNPATH_SEARCH_PATHS = "$(inherited) @executable_path/Frameworks";
				PRODUCT_BUNDLE_IDENTIFIER = "com.zhangdaliang.My-FMDB";
				PRODUCT_NAME = "$(TARGET_NAME)";
			};
			name = Debug;
		};
		7EDED6651C846EFE0084F6DA /* Release */ = {
			isa = XCBuildConfiguration;
			buildSettings = {
				ASSETCATALOG_COMPILER_APPICON_NAME = AppIcon;
				INFOPLIST_FILE = My_FMDB/Info.plist;
				LD_RUNPATH_SEARCH_PATHS = "$(inherited) @executable_path/Frameworks";
				PRODUCT_BUNDLE_IDENTIFIER = "com.zhangdaliang.My-FMDB";
				PRODUCT_NAME = "$(TARGET_NAME)";
			};
			name = Release;
		};
		7EDED6671C846EFE0084F6DA /* Debug */ = {
			isa = XCBuildConfiguration;
			buildSettings = {
				BUNDLE_LOADER = "$(TEST_HOST)";
				INFOPLIST_FILE = My_FMDBTests/Info.plist;
				LD_RUNPATH_SEARCH_PATHS = "$(inherited) @executable_path/Frameworks @loader_path/Frameworks";
				PRODUCT_BUNDLE_IDENTIFIER = "com.zhangdaliang.My-FMDBTests";
				PRODUCT_NAME = "$(TARGET_NAME)";
				TEST_HOST = "$(BUILT_PRODUCTS_DIR)/My_FMDB.app/My_FMDB";
			};
			name = Debug;
		};
		7EDED6681C846EFE0084F6DA /* Release */ = {
			isa = XCBuildConfiguration;
			buildSettings = {
				BUNDLE_LOADER = "$(TEST_HOST)";
				INFOPLIST_FILE = My_FMDBTests/Info.plist;
				LD_RUNPATH_SEARCH_PATHS = "$(inherited) @executable_path/Frameworks @loader_path/Frameworks";
				PRODUCT_BUNDLE_IDENTIFIER = "com.zhangdaliang.My-FMDBTests";
				PRODUCT_NAME = "$(TARGET_NAME)";
				TEST_HOST = "$(BUILT_PRODUCTS_DIR)/My_FMDB.app/My_FMDB";
			};
			name = Release;
		};
		7EDED66A1C846EFE0084F6DA /* Debug */ = {
			isa = XCBuildConfiguration;
			buildSettings = {
				INFOPLIST_FILE = My_FMDBUITests/Info.plist;
				LD_RUNPATH_SEARCH_PATHS = "$(inherited) @executable_path/Frameworks @loader_path/Frameworks";
				PRODUCT_BUNDLE_IDENTIFIER = "com.zhangdaliang.My-FMDBUITests";
				PRODUCT_NAME = "$(TARGET_NAME)";
				TEST_TARGET_NAME = My_FMDB;
				USES_XCTRUNNER = YES;
			};
			name = Debug;
		};
		7EDED66B1C846EFE0084F6DA /* Release */ = {
			isa = XCBuildConfiguration;
			buildSettings = {
				INFOPLIST_FILE = My_FMDBUITests/Info.plist;
				LD_RUNPATH_SEARCH_PATHS = "$(inherited) @executable_path/Frameworks @loader_path/Frameworks";
				PRODUCT_BUNDLE_IDENTIFIER = "com.zhangdaliang.My-FMDBUITests";
				PRODUCT_NAME = "$(TARGET_NAME)";
				TEST_TARGET_NAME = My_FMDB;
				USES_XCTRUNNER = YES;
			};
			name = Release;
		};
/* End XCBuildConfiguration section */

/* Begin XCConfigurationList section */
		7EDED6311C846EFE0084F6DA /* Build configuration list for PBXProject "My_FMDB" */ = {
			isa = XCConfigurationList;
			buildConfigurations = (
				7EDED6611C846EFE0084F6DA /* Debug */,
				7EDED6621C846EFE0084F6DA /* Release */,
			);
			defaultConfigurationIsVisible = 0;
			defaultConfigurationName = Release;
		};
		7EDED6631C846EFE0084F6DA /* Build configuration list for PBXNativeTarget "My_FMDB" */ = {
			isa = XCConfigurationList;
			buildConfigurations = (
				7EDED6641C846EFE0084F6DA /* Debug */,
				7EDED6651C846EFE0084F6DA /* Release */,
			);
			defaultConfigurationIsVisible = 0;
		};
		7EDED6661C846EFE0084F6DA /* Build configuration list for PBXNativeTarget "My_FMDBTests" */ = {
			isa = XCConfigurationList;
			buildConfigurations = (
				7EDED6671C846EFE0084F6DA /* Debug */,
				7EDED6681C846EFE0084F6DA /* Release */,
			);
			defaultConfigurationIsVisible = 0;
		};
		7EDED6691C846EFE0084F6DA /* Build configuration list for PBXNativeTarget "My_FMDBUITests" */ = {
			isa = XCConfigurationList;
			buildConfigurations = (
				7EDED66A1C846EFE0084F6DA /* Debug */,
				7EDED66B1C846EFE0084F6DA /* Release */,
			);
			defaultConfigurationIsVisible = 0;
		};
/* End XCConfigurationList section */
	};
	rootObject = 7EDED62E1C846EFE0084F6DA /* Project object */;
}
